
Microsoft Visual Studio Solution File, Format Version 12.00
# Visual Studio Version 16
VisualStudioVersion = 16.0.29102.190
MinimumVisualStudioVersion = 10.0.40219.1
Project("{FAE04EC0-301F-11D3-BF4B-00C04F79EFBC}") = "InterfaceBiblioteca", "InterfaceBiblioteca\InterfaceBiblioteca.csproj", "{35B8551C-2979-43F2-A6FF-338323BE3C77}"
EndProject
Project("{FAE04EC0-301F-11D3-BF4B-00C04F79EFBC}") = "LocacaoBiblioteca", "LocacaoBiblioteca\LocacaoBiblioteca.csproj", "{82C1A75B-DBA7-4340-859A-D7CFE9DCD7D2}"
EndProject
Global
	GlobalSection(SolutionConfigurationPlatforms) = preSolution
		Debug|Any CPU = Debug|Any CPU
		Release|Any CPU = Release|Any CPU
	EndGlobalSection
	GlobalSection(ProjectConfigurationPlatforms) = postSolution
		{35B8551C-2979-43F2-A6FF-338323BE3C77}.Debug|Any CPU.ActiveCfg = Debug|Any CPU
		{35B8551C-2979-43F2-A6FF-338323BE3C77}.Debug|Any CPU.Build.0 = Debug|Any CPU
		{35B8551C-2979-43F2-A6FF-338323BE3C77}.Release|Any CPU.ActiveCfg = Release|Any CPU
		{35B8551C-2979-43F2-A6FF-338323BE3C77}.Release|Any CPU.Build.0 = Release|Any CPU
		{82C1A75B-DBA7-4340-859A-D7CFE9DCD7D2}.Debug|Any CPU.ActiveCfg = Debug|Any CPU
		{82C1A75B-DBA7-4340-859A-D7CFE9DCD7D2}.Debug|Any CPU.Build.0 = Debug|Any CPU
		{82C1A75B-DBA7-4340-859A-D7CFE9DCD7D2}.Release|Any CPU.ActiveCfg = Release|Any CPU
		{82C1A75B-DBA7-4340-859A-D7CFE9DCD7D2}.Release|Any CPU.Build.0 = Release|Any CPU
	EndGlobalSection
	GlobalSection(SolutionProperties) = preSolution
		HideSolutionNode = FALSE
	EndGlobalSection
	GlobalSection(ExtensibilityGlobals) = postSolution
		SolutionGuid = {447E4080-2E48-4CAC-B327-F0CAF82847E3}
	EndGlobalSection
EndGlobal
